[[package]]
name = "pyqt6"
version = "6.3.1"
description = "Python bindings for the Qt cross platform application toolkit"
category = "main"
optional = false
python-versions = ">=3.6.1"

[package.dependencies]
PyQt6-Qt6 = ">=6.3.0"
PyQt6-sip = ">=13.4,<14"

[[package]]
name = "pyqt6-qt6"
version = "6.3.1"
description = "The subset of a Qt installation needed by PyQt6."
category = "main"
optional = false
python-versions = "*"

[[package]]
name = "pyqt6-sip"
version = "13.4.0"
description = "The sip module support for PyQt6"
category = "main"
optional = false
python-versions = ">=3.7"

[[package]]
name = "pytube"
version = "12.1.0"
description = "Python 3 library for downloading YouTube Videos."
category = "main"
optional = false
python-versions = ">=3.6"

[metadata]
lock-version = "1.1"
python-versions = "^3.10"
content-hash = "2ee218fb66c02da080e64410be829f370f817702de60fa4346a93a60cf137114"

[metadata.files]
pyqt6 = [
    {file = "PyQt6-6.3.1-cp37-abi3-macosx_10_14_universal2.whl", hash = "sha256:f7ad13b44959b72c8d40fa1856470015fab3368983dd2c1c781d4061c45d96b3"},
    {file = "PyQt6-6.3.1-cp37-abi3-manylinux1_x86_64.whl", hash = "sha256:c87c909eeafc44ea911a94490d55055058f51a27ec5ca0e439a9feb943a73fd1"},
    {file = "PyQt6-6.3.1-cp37-abi3-win_amd64.whl", hash = "sha256:115f809810c236af90352b4df4a9dfc79cbd05b7c0200c05886c8b3035c2847b"},
    {file = "PyQt6-6.3.1.tar.gz", hash = "sha256:8cc6e21dbaf7047d1fc897e396ccd9710a12f2ef976563dad65f06017d2c9757"},
]
pyqt6-qt6 = [
    {file = "PyQt6_Qt6-6.3.1-py3-none-macosx_10_14_x86_64.whl", hash = "sha256:33d010c9ac85b7482b3f425fb1d00c1f5bf4422ff057dc848632c26eec96a2ca"},
    {file = "PyQt6_Qt6-6.3.1-py3-none-macosx_11_0_arm64.whl", hash = "sha256:731e472addf9e0aca32e27577ac3d6a98e3e8e8723d352714366c47abe9294af"},
    {file = "PyQt6_Qt6-6.3.1-py3-none-manylinux_2_28_x86_64.whl", hash = "sha256:5db960e00cceb93762e6755026dbbe2e781d7e3bdcbc79e107db4d5557041421"},
    {file = "PyQt6_Qt6-6.3.1-py3-none-win_amd64.whl", hash = "sha256:07d4d825515c8d05ffc9fed002e4d9c861467cfff6f8c57ff1a89fe18f73b06d"},
]
pyqt6-sip = [
    {file = "PyQt6_sip-13.4.0-cp310-cp310-macosx_10_9_universal2.whl", hash = "sha256:3ac7e0800180202dcc0c7035ff88c2a6f4a0f5acb20c4a19f71d807d0f7857b7"},
    {file = "PyQt6_sip-13.4.0-cp310-cp310-manylinux1_x86_64.whl", hash = "sha256:bb4f2e2fdcf3a8dafe4256750bbedd9e7107c4fd8afa9c25be28423c36bb12b8"},
    {file = "PyQt6_sip-13.4.0-cp310-cp310-win_amd64.whl", hash = "sha256:de601187055d684b36ebe6e800a5deacaa55b69d71ad43312b76422cfeae0e12"},
    {file = "PyQt6_sip-13.4.0-cp37-cp37m-macosx_10_9_x86_64.whl", hash = "sha256:83b446d247a92d119d507dbc94fc1f47389d8118a5b6232a2859951157319a30"},
    {file = "PyQt6_sip-13.4.0-cp37-cp37m-manylinux1_x86_64.whl", hash = "sha256:802b0cfed19900183220c46895c2635f0dd062f2d275a25506423f911ef74db4"},
    {file = "PyQt6_sip-13.4.0-cp37-cp37m-win_amd64.whl", hash = "sha256:2694ae67811cefb6ea3ee0e9995755b45e4952f4dcadec8c04300fd828f91c75"},
    {file = "PyQt6_sip-13.4.0-cp38-cp38-macosx_10_9_x86_64.whl", hash = "sha256:9e03c780846fd5d71c06e33322fd11a05713d9cd410e3571d069ac9a84077647"},
    {file = "PyQt6_sip-13.4.0-cp38-cp38-manylinux1_x86_64.whl", hash = "sha256:9c5231536e6153071b22175e46e368045fd08d772a90d772a0977d1166c7822c"},
    {file = "PyQt6_sip-13.4.0-cp38-cp38-win_amd64.whl", hash = "sha256:cfdcd43e123bd55c155cfe7a33895033e6d25de90a48ed9c25a0ddd0196a810e"},
    {file = "PyQt6_sip-13.4.0-cp39-cp39-macosx_10_9_universal2.whl", hash = "sha256:3de18c4a32f717a351d560a39f528af24077f5135aacfa8890a2f2d79f0633da"},
    {file = "PyQt6_sip-13.4.0-cp39-cp39-manylinux1_x86_64.whl", hash = "sha256:fd2df2a9479b8ac858117bd55dc0ec0bd1ce6c8f3486b0cc5e860c0540a8bba0"},
    {file = "PyQt6_sip-13.4.0-cp39-cp39-win_amd64.whl", hash = "sha256:3486914137f5336cff6e10a5e9d52c1e60ff883473938b45f267f794daeacb2f"},
    {file = "PyQt6_sip-13.4.0.tar.gz", hash = "sha256:6d87a3ee5872d7511b76957d68a32109352caf3b7a42a01d9ee20032b350d979"},
]
pytube = [
    {file = "pytube-12.1.0-py3-none-any.whl", hash = "sha256:c2e4b1ffdf9eca4c287f881557a6b4f98dd287ecfa06e2e5d5936d39c5f4d8da"},
    {file = "pytube-12.1.0.tar.gz", hash = "sha256:6de1f3a4cb125dd6ff912598c7e88a866325a63cc91755cae616f53c40ae5503"},
]
